
Microsoft Visual Studio Solution File, Format Version 12.00
# Visual Studio 15
VisualStudioVersion = 15.0.27703.2018
MinimumVisualStudioVersion = 10.0.40219.1
Project("{FAE04EC0-301F-11D3-BF4B-00C04F79EFBC}") = "Assignment 2", "Assignment 2\Assignment 2.csproj", "{B493E4DC-2B01-4053-90D3-97BE3FEB2471}"
EndProject
Global
	GlobalSection(SolutionConfigurationPlatforms) = preSolution
		Debug|Any CPU = Debug|Any CPU
		Release|Any CPU = Release|Any CPU
	EndGlobalSection
	GlobalSection(ProjectConfigurationPlatforms) = postSolution
		{B493E4DC-2B01-4053-90D3-97BE3FEB2471}.Debug|Any CPU.ActiveCfg = Debug|Any CPU
		{B493E4DC-2B01-4053-90D3-97BE3FEB2471}.Debug|Any CPU.Build.0 = Debug|Any CPU
		{B493E4DC-2B01-4053-90D3-97BE3FEB2471}.Release|Any CPU.ActiveCfg = Release|Any CPU
		{B493E4DC-2B01-4053-90D3-97BE3FEB2471}.Release|Any CPU.Build.0 = Release|Any CPU
	EndGlobalSection
	GlobalSection(SolutionProperties) = preSolution
		HideSolutionNode = FALSE
	EndGlobalSection
	GlobalSection(ExtensibilityGlobals) = postSolution
		SolutionGuid = {6AE9C957-E18C-4F17-AD53-C47A33697340}
	EndGlobalSection
EndGlobal
